
Microsoft Visual Studio Solution File, Format Version 12.00
# Visual Studio Version 17
VisualStudioVersion = 17.5.33424.131
MinimumVisualStudioVersion = 10.0.40219.1
Project("{FAE04EC0-301F-11D3-BF4B-00C04F79EFBC}") = "WoWTools", "ReagentTierUpProfitEstimation\WoWTools.csproj", "{493E41F8-FD86-4774-AF5C-E2733059BDCA}"
EndProject
Project("{54435603-DBB4-11D2-8724-00A0C9A8B90C}") = "WoWTools", "..\..\..\downloads\WoWTools\WoWTools.vdproj", "{B3A782A6-A2B1-431F-BBAA-711610A6FC73}"
EndProject
Global
	GlobalSection(SolutionConfigurationPlatforms) = preSolution
		Debug|Any CPU = Debug|Any CPU
		Release|Any CPU = Release|Any CPU
	EndGlobalSection
	GlobalSection(ProjectConfigurationPlatforms) = postSolution
		{493E41F8-FD86-4774-AF5C-E2733059BDCA}.Debug|Any CPU.ActiveCfg = Debug|Any CPU
		{493E41F8-FD86-4774-AF5C-E2733059BDCA}.Debug|Any CPU.Build.0 = Debug|Any CPU
		{493E41F8-FD86-4774-AF5C-E2733059BDCA}.Release|Any CPU.ActiveCfg = Release|Any CPU
		{493E41F8-FD86-4774-AF5C-E2733059BDCA}.Release|Any CPU.Build.0 = Release|Any CPU
		{B3A782A6-A2B1-431F-BBAA-711610A6FC73}.Debug|Any CPU.ActiveCfg = Debug
		{B3A782A6-A2B1-431F-BBAA-711610A6FC73}.Release|Any CPU.ActiveCfg = Release
	EndGlobalSection
	GlobalSection(SolutionProperties) = preSolution
		HideSolutionNode = FALSE
	EndGlobalSection
	GlobalSection(ExtensibilityGlobals) = postSolution
		SolutionGuid = {E3B7D565-FDAC-45F1-8DF8-C59FC35B93D6}
	EndGlobalSection
EndGlobal
